// !$*UTF8*$!
{
	archiveVersion = 1;
	classes = {
	};
	objectVersion = 56;
	objects = {

/* Begin PBXBuildFile section */
		B464D2332ADE7E3C00376914 /* Hijabie_AppApp.swift in Sources */ = {isa = PBXBuildFile; fileRef = B464D2322ADE7E3C00376914 /* Hijabie_AppApp.swift */; };
		B464D2352ADE7E3C00376914 /* ContentView.swift in Sources */ = {isa = PBXBuildFile; fileRef = B464D2342ADE7E3C00376914 /* ContentView.swift */; };
		B464D2372ADE7E4000376914 /* Assets.xcassets in Resources */ = {isa = PBXBuildFile; fileRef = B464D2362ADE7E4000376914 /* Assets.xcassets */; };
		B464D23A2ADE7E4000376914 /* Preview Assets.xcassets in Resources */ = {isa = PBXBuildFile; fileRef = B464D2392ADE7E4000376914 /* Preview Assets.xcassets */; };
		B464D2412ADE7EAD00376914 /* FaceDetectionViewController.swift in Sources */ = {isa = PBXBuildFile; fileRef = B464D2402ADE7EAD00376914 /* FaceDetectionViewController.swift */; };
		B464D2432ADE7FA100376914 /* FaceDetection.swift in Sources */ = {isa = PBXBuildFile; fileRef = B464D2422ADE7FA100376914 /* FaceDetection.swift */; };
		B464D2452ADE8E8100376914 /* FaceLandmarkData.swift in Sources */ = {isa = PBXBuildFile; fileRef = B464D2442ADE8E8100376914 /* FaceLandmarkData.swift */; };
		B470CED32AE3A588000CC5ED /* CameraViewController.swift in Sources */ = {isa = PBXBuildFile; fileRef = B470CED22AE3A588000CC5ED /* CameraViewController.swift */; };
		B470CED52AE3A937000CC5ED /* CameraFaceDetection + ML.swift in Sources */ = {isa = PBXBuildFile; fileRef = B470CED42AE3A937000CC5ED /* CameraFaceDetection + ML.swift */; };
		B470CED72AE3C41D000CC5ED /* FacialShape.mlmodel in Sources */ = {isa = PBXBuildFile; fileRef = B470CED62AE3C41D000CC5ED /* FacialShape.mlmodel */; };
		B476F2B82AE139D1002C7479 /* MachineLearningModel.swift in Sources */ = {isa = PBXBuildFile; fileRef = B476F2B72AE139D1002C7479 /* MachineLearningModel.swift */; };
		B476F2BA2AE13F56002C7479 /* RoundFacialShapeImageClassifier 1.mlmodel in Sources */ = {isa = PBXBuildFile; fileRef = B476F2B92AE13F56002C7479 /* RoundFacialShapeImageClassifier 1.mlmodel */; };
		B476F2BE2AE140A8002C7479 /* FacialShapeML.mlmodel in Sources */ = {isa = PBXBuildFile; fileRef = B476F2BD2AE140A8002C7479 /* FacialShapeML.mlmodel */; };
		B48F8B102AE57095005208B7 /* OnBoarding3View.swift in Sources */ = {isa = PBXBuildFile; fileRef = B48F8B0F2AE57095005208B7 /* OnBoarding3View.swift */; };
		B4F0BF952AE5513700B4D918 /* OnBoarding1View.swift in Sources */ = {isa = PBXBuildFile; fileRef = B4F0BF942AE5513700B4D918 /* OnBoarding1View.swift */; };
		B4F0BF972AE55D1D00B4D918 /* OnBoarding2View.swift in Sources */ = {isa = PBXBuildFile; fileRef = B4F0BF962AE55D1D00B4D918 /* OnBoarding2View.swift */; };
/* End PBXBuildFile section */

/* Begin PBXFileReference section */
		B464D22F2ADE7E3C00376914 /* Hijabie App.app */ = {isa = PBXFileReference; explicitFileType = wrapper.application; includeInIndex = 0; path = "Hijabie App.app"; sourceTree = BUILT_PRODUCTS_DIR; };
		B464D2322ADE7E3C00376914 /* Hijabie_AppApp.swift */ = {isa = PBXFileReference; lastKnownFileType = sourcecode.swift; path = Hijabie_AppApp.swift; sourceTree = "<group>"; };
		B464D2342ADE7E3C00376914 /* ContentView.swift */ = {isa = PBXFileReference; lastKnownFileType = sourcecode.swift; path = ContentView.swift; sourceTree = "<group>"; };
		B464D2362ADE7E4000376914 /* Assets.xcassets */ = {isa = PBXFileReference; lastKnownFileType = folder.assetcatalog; path = Assets.xcassets; sourceTree = "<group>"; };
		B464D2392ADE7E4000376914 /* Preview Assets.xcassets */ = {isa = PBXFileReference; lastKnownFileType = folder.assetcatalog; path = "Preview Assets.xcassets"; sourceTree = "<group>"; };
		B464D2402ADE7EAD00376914 /* FaceDetectionViewController.swift */ = {isa = PBXFileReference; lastKnownFileType = sourcecode.swift; path = FaceDetectionViewController.swift; sourceTree = "<group>"; };
		B464D2422ADE7FA100376914 /* FaceDetection.swift */ = {isa = PBXFileReference; lastKnownFileType = sourcecode.swift; path = FaceDetection.swift; sourceTree = "<group>"; };
		B464D2442ADE8E8100376914 /* FaceLandmarkData.swift */ = {isa = PBXFileReference; lastKnownFileType = sourcecode.swift; path = FaceLandmarkData.swift; sourceTree = "<group>"; };
		B470CED22AE3A588000CC5ED /* CameraViewController.swift */ = {isa = PBXFileReference; lastKnownFileType = sourcecode.swift; path = CameraViewController.swift; sourceTree = "<group>"; };
		B470CED42AE3A937000CC5ED /* CameraFaceDetection + ML.swift */ = {isa = PBXFileReference; lastKnownFileType = sourcecode.swift; path = "CameraFaceDetection + ML.swift"; sourceTree = "<group>"; };
		B470CED62AE3C41D000CC5ED /* FacialShape.mlmodel */ = {isa = PBXFileReference; lastKnownFileType = file.mlmodel; path = FacialShape.mlmodel; sourceTree = "<group>"; };
		B476F2B72AE139D1002C7479 /* MachineLearningModel.swift */ = {isa = PBXFileReference; lastKnownFileType = sourcecode.swift; path = MachineLearningModel.swift; sourceTree = "<group>"; };
		B476F2B92AE13F56002C7479 /* RoundFacialShapeImageClassifier 1.mlmodel */ = {isa = PBXFileReference; lastKnownFileType = file.mlmodel; path = "RoundFacialShapeImageClassifier 1.mlmodel"; sourceTree = "<group>"; };
		B476F2BD2AE140A8002C7479 /* FacialShapeML.mlmodel */ = {isa = PBXFileReference; lastKnownFileType = file.mlmodel; path = FacialShapeML.mlmodel; sourceTree = "<group>"; };
		B48F8B0F2AE57095005208B7 /* OnBoarding3View.swift */ = {isa = PBXFileReference; lastKnownFileType = sourcecode.swift; path = OnBoarding3View.swift; sourceTree = "<group>"; };
		B4F0BF942AE5513700B4D918 /* OnBoarding1View.swift */ = {isa = PBXFileReference; lastKnownFileType = sourcecode.swift; path = OnBoarding1View.swift; sourceTree = "<group>"; };
		B4F0BF962AE55D1D00B4D918 /* OnBoarding2View.swift */ = {isa = PBXFileReference; lastKnownFileType = sourcecode.swift; path = OnBoarding2View.swift; sourceTree = "<group>"; };
/* End PBXFileReference section */

/* Begin PBXFrameworksBuildPhase section */
		B464D22C2ADE7E3C00376914 /* Frameworks */ = {
			isa = PBXFrameworksBuildPhase;
			buildActionMask = 2147483647;
			files = (
			);
			runOnlyForDeploymentPostprocessing = 0;
		};
/* End PBXFrameworksBuildPhase section */

/* Begin PBXGroup section */
		B464D2262ADE7E3C00376914 = {
			isa = PBXGroup;
			children = (
				B464D2312ADE7E3C00376914 /* Hijabie App */,
				B464D2302ADE7E3C00376914 /* Products */,
			);
			sourceTree = "<group>";
		};
		B464D2302ADE7E3C00376914 /* Products */ = {
			isa = PBXGroup;
			children = (
				B464D22F2ADE7E3C00376914 /* Hijabie App.app */,
			);
			name = Products;
			sourceTree = "<group>";
		};
		B464D2312ADE7E3C00376914 /* Hijabie App */ = {
			isa = PBXGroup;
			children = (
				B464D2322ADE7E3C00376914 /* Hijabie_AppApp.swift */,
				B464D2342ADE7E3C00376914 /* ContentView.swift */,
				B464D2422ADE7FA100376914 /* FaceDetection.swift */,
				B464D2402ADE7EAD00376914 /* FaceDetectionViewController.swift */,
				B470CED22AE3A588000CC5ED /* CameraViewController.swift */,
				B470CED42AE3A937000CC5ED /* CameraFaceDetection + ML.swift */,
				B4F0BF942AE5513700B4D918 /* OnBoarding1View.swift */,
				B4F0BF962AE55D1D00B4D918 /* OnBoarding2View.swift */,
				B48F8B0F2AE57095005208B7 /* OnBoarding3View.swift */,
				B464D2442ADE8E8100376914 /* FaceLandmarkData.swift */,
				B476F2B72AE139D1002C7479 /* MachineLearningModel.swift */,
				B470CED62AE3C41D000CC5ED /* FacialShape.mlmodel */,
				B476F2BD2AE140A8002C7479 /* FacialShapeML.mlmodel */,
				B464D2362ADE7E4000376914 /* Assets.xcassets */,
				B464D2382ADE7E4000376914 /* Preview Content */,
			);
			path = "Hijabie App";
			sourceTree = "<group>";
		};
		B464D2382ADE7E4000376914 /* Preview Content */ = {
			isa = PBXGroup;
			children = (
				B476F2B92AE13F56002C7479 /* RoundFacialShapeImageClassifier 1.mlmodel */,
				B464D2392ADE7E4000376914 /* Preview Assets.xcassets */,
			);
			path = "Preview Content";
			sourceTree = "<group>";
		};
/* End PBXGroup section */

/* Begin PBXNativeTarget section */
		B464D22E2ADE7E3C00376914 /* Hijabie App */ = {
			isa = PBXNativeTarget;
			buildConfigurationList = B464D23D2ADE7E4000376914 /* Build configuration list for PBXNativeTarget "Hijabie App" */;
			buildPhases = (
				B464D22B2ADE7E3C00376914 /* Sources */,
				B464D22C2ADE7E3C00376914 /* Frameworks */,
				B464D22D2ADE7E3C00376914 /* Resources */,
			);
			buildRules = (
			);
			dependencies = (
			);
			name = "Hijabie App";
			productName = "Hijabie App";
			productReference = B464D22F2ADE7E3C00376914 /* Hijabie App.app */;
			productType = "com.apple.product-type.application";
		};
/* End PBXNativeTarget section */

/* Begin PBXProject section */
		B464D2272ADE7E3C00376914 /* Project object */ = {
			isa = PBXProject;
			attributes = {
				BuildIndependentTargetsInParallel = 1;
				LastSwiftUpdateCheck = 1500;
				LastUpgradeCheck = 1500;
				TargetAttributes = {
					B464D22E2ADE7E3C00376914 = {
						CreatedOnToolsVersion = 15.0;
					};
				};
			};
			buildConfigurationList = B464D22A2ADE7E3C00376914 /* Build configuration list for PBXProject "Hijabie App" */;
			compatibilityVersion = "Xcode 14.0";
			developmentRegion = en;
			hasScannedForEncodings = 0;
			knownRegions = (
				en,
				Base,
			);
			mainGroup = B464D2262ADE7E3C00376914;
			productRefGroup = B464D2302ADE7E3C00376914 /* Products */;
			projectDirPath = "";
			projectRoot = "";
			targets = (
				B464D22E2ADE7E3C00376914 /* Hijabie App */,
			);
		};
/* End PBXProject section */

/* Begin PBXResourcesBuildPhase section */
		B464D22D2ADE7E3C00376914 /* Resources */ = {
			isa = PBXResourcesBuildPhase;
			buildActionMask = 2147483647;
			files = (
				B464D23A2ADE7E4000376914 /* Preview Assets.xcassets in Resources */,
				B464D2372ADE7E4000376914 /* Assets.xcassets in Resources */,
			);
			runOnlyForDeploymentPostprocessing = 0;
		};
/* End PBXResourcesBuildPhase section */

/* Begin PBXSourcesBuildPhase section */
		B464D22B2ADE7E3C00376914 /* Sources */ = {
			isa = PBXSourcesBuildPhase;
			buildActionMask = 2147483647;
			files = (
				B464D2452ADE8E8100376914 /* FaceLandmarkData.swift in Sources */,
				B470CED52AE3A937000CC5ED /* CameraFaceDetection + ML.swift in Sources */,
				B464D2432ADE7FA100376914 /* FaceDetection.swift in Sources */,
				B476F2BA2AE13F56002C7479 /* RoundFacialShapeImageClassifier 1.mlmodel in Sources */,
				B470CED32AE3A588000CC5ED /* CameraViewController.swift in Sources */,
				B464D2412ADE7EAD00376914 /* FaceDetectionViewController.swift in Sources */,
				B476F2B82AE139D1002C7479 /* MachineLearningModel.swift in Sources */,
				B464D2352ADE7E3C00376914 /* ContentView.swift in Sources */,
				B464D2332ADE7E3C00376914 /* Hijabie_AppApp.swift in Sources */,
				B4F0BF972AE55D1D00B4D918 /* OnBoarding2View.swift in Sources */,
				B470CED72AE3C41D000CC5ED /* FacialShape.mlmodel in Sources */,
				B48F8B102AE57095005208B7 /* OnBoarding3View.swift in Sources */,
				B476F2BE2AE140A8002C7479 /* FacialShapeML.mlmodel in Sources */,
				B4F0BF952AE5513700B4D918 /* OnBoarding1View.swift in Sources */,
			);
			runOnlyForDeploymentPostprocessing = 0;
		};
/* End PBXSourcesBuildPhase section */

/* Begin XCBuildConfiguration section */
		B464D23B2ADE7E4000376914 /* Debug */ = {
			isa = XCBuildConfiguration;
			buildSettings = {
				ALWAYS_SEARCH_USER_PATHS = NO;
				ASSETCATALOG_COMPILER_GENERATE_SWIFT_ASSET_SYMBOL_EXTENSIONS = YES;
				CLANG_ANALYZER_NONNULL = YES;
				CLANG_ANALYZER_NUMBER_OBJECT_CONVERSION = YES_AGGRESSIVE;
				CLANG_CXX_LANGUAGE_STANDARD = "gnu++20";
				CLANG_ENABLE_MODULES = YES;
				CLANG_ENABLE_OBJC_ARC = YES;
				CLANG_ENABLE_OBJC_WEAK = YES;
				CLANG_WARN_BLOCK_CAPTURE_AUTORELEASING = YES;
				CLANG_WARN_BOOL_CONVERSION = YES;
				CLANG_WARN_COMMA = YES;
				CLANG_WARN_CONSTANT_CONVERSION = YES;
				CLANG_WARN_DEPRECATED_OBJC_IMPLEMENTATIONS = YES;
				CLANG_WARN_DIRECT_OBJC_ISA_USAGE = YES_ERROR;
				CLANG_WARN_DOCUMENTATION_COMMENTS = YES;
				CLANG_WARN_EMPTY_BODY = YES;
				CLANG_WARN_ENUM_CONVERSION = YES;
				CLANG_WARN_INFINITE_RECURSION = YES;
				CLANG_WARN_INT_CONVERSION = YES;
				CLANG_WARN_NON_LITERAL_NULL_CONVERSION = YES;
				CLANG_WARN_OBJC_IMPLICIT_RETAIN_SELF = YES;
				CLANG_WARN_OBJC_LITERAL_CONVERSION = YES;
				CLANG_WARN_OBJC_ROOT_CLASS = YES_ERROR;
				CLANG_WARN_QUOTED_INCLUDE_IN_FRAMEWORK_HEADER = YES;
				CLANG_WARN_RANGE_LOOP_ANALYSIS = YES;
				CLANG_WARN_STRICT_PROTOTYPES = YES;
				CLANG_WARN_SUSPICIOUS_MOVE = YES;
				CLANG_WARN_UNGUARDED_AVAILABILITY = YES_AGGRESSIVE;
				CLANG_WARN_UNREACHABLE_CODE = YES;
				CLANG_WARN__DUPLICATE_METHOD_MATCH = YES;
				COPY_PHASE_STRIP = NO;
				DEBUG_INFORMATION_FORMAT = dwarf;
				ENABLE_STRICT_OBJC_MSGSEND = YES;
				ENABLE_TESTABILITY = YES;
				ENABLE_USER_SCRIPT_SANDBOXING = YES;
				GCC_C_LANGUAGE_STANDARD = gnu17;
				GCC_DYNAMIC_NO_PIC = NO;
				GCC_NO_COMMON_BLOCKS = YES;
				GCC_OPTIMIZATION_LEVEL = 0;
				GCC_PREPROCESSOR_DEFINITIONS = (
					"DEBUG=1",
					"$(inherited)",
				);
				GCC_WARN_64_TO_32_BIT_CONVERSION = YES;
				GCC_WARN_ABOUT_RETURN_TYPE = YES_ERROR;
				GCC_WARN_UNDECLARED_SELECTOR = YES;
				GCC_WARN_UNINITIALIZED_AUTOS = YES_AGGRESSIVE;
				GCC_WARN_UNUSED_FUNCTION = YES;
				GCC_WARN_UNUSED_VARIABLE = YES;
				IPHONEOS_DEPLOYMENT_TARGET = 17.0;
				LOCALIZATION_PREFERS_STRING_CATALOGS = YES;
				MTL_ENABLE_DEBUG_INFO = INCLUDE_SOURCE;
				MTL_FAST_MATH = YES;
				ONLY_ACTIVE_ARCH = YES;
				SDKROOT = iphoneos;
				SWIFT_ACTIVE_COMPILATION_CONDITIONS = "DEBUG $(inherited)";
				SWIFT_OPTIMIZATION_LEVEL = "-Onone";
			};
			name = Debug;
		};
		B464D23C2ADE7E4000376914 /* Release */ = {
			isa = XCBuildConfiguration;
			buildSettings = {
				ALWAYS_SEARCH_USER_PATHS = NO;
				ASSETCATALOG_COMPILER_GENERATE_SWIFT_ASSET_SYMBOL_EXTENSIONS = YES;
				CLANG_ANALYZER_NONNULL = YES;
				CLANG_ANALYZER_NUMBER_OBJECT_CONVERSION = YES_AGGRESSIVE;
				CLANG_CXX_LANGUAGE_STANDARD = "gnu++20";
				CLANG_ENABLE_MODULES = YES;
				CLANG_ENABLE_OBJC_ARC = YES;
				CLANG_ENABLE_OBJC_WEAK = YES;
				CLANG_WARN_BLOCK_CAPTURE_AUTORELEASING = YES;
				CLANG_WARN_BOOL_CONVERSION = YES;
				CLANG_WARN_COMMA = YES;
				CLANG_WARN_CONSTANT_CONVERSION = YES;
				CLANG_WARN_DEPRECATED_OBJC_IMPLEMENTATIONS = YES;
				CLANG_WARN_DIRECT_OBJC_ISA_USAGE = YES_ERROR;
				CLANG_WARN_DOCUMENTATION_COMMENTS = YES;
				CLANG_WARN_EMPTY_BODY = YES;
				CLANG_WARN_ENUM_CONVERSION = YES;
				CLANG_WARN_INFINITE_RECURSION = YES;
				CLANG_WARN_INT_CONVERSION = YES;
				CLANG_WARN_NON_LITERAL_NULL_CONVERSION = YES;
				CLANG_WARN_OBJC_IMPLICIT_RETAIN_SELF = YES;
				CLANG_WARN_OBJC_LITERAL_CONVERSION = YES;
				CLANG_WARN_OBJC_ROOT_CLASS = YES_ERROR;
				CLANG_WARN_QUOTED_INCLUDE_IN_FRAMEWORK_HEADER = YES;
				CLANG_WARN_RANGE_LOOP_ANALYSIS = YES;
				CLANG_WARN_STRICT_PROTOTYPES = YES;
				CLANG_WARN_SUSPICIOUS_MOVE = YES;
				CLANG_WARN_UNGUARDED_AVAILABILITY = YES_AGGRESSIVE;
				CLANG_WARN_UNREACHABLE_CODE = YES;
				CLANG_WARN__DUPLICATE_METHOD_MATCH = YES;
				COPY_PHASE_STRIP = NO;
				DEBUG_INFORMATION_FORMAT = "dwarf-with-dsym";
				ENABLE_NS_ASSERTIONS = NO;
				ENABLE_STRICT_OBJC_MSGSEND = YES;
				ENABLE_USER_SCRIPT_SANDBOXING = YES;
				GCC_C_LANGUAGE_STANDARD = gnu17;
				GCC_NO_COMMON_BLOCKS = YES;
				GCC_WARN_64_TO_32_BIT_CONVERSION = YES;
				GCC_WARN_ABOUT_RETURN_TYPE = YES_ERROR;
				GCC_WARN_UNDECLARED_SELECTOR = YES;
				GCC_WARN_UNINITIALIZED_AUTOS = YES_AGGRESSIVE;
				GCC_WARN_UNUSED_FUNCTION = YES;
				GCC_WARN_UNUSED_VARIABLE = YES;
				IPHONEOS_DEPLOYMENT_TARGET = 17.0;
				LOCALIZATION_PREFERS_STRING_CATALOGS = YES;
				MTL_ENABLE_DEBUG_INFO = NO;
				MTL_FAST_MATH = YES;
				SDKROOT = iphoneos;
				SWIFT_COMPILATION_MODE = wholemodule;
				VALIDATE_PRODUCT = YES;
			};
			name = Release;
		};
		B464D23E2ADE7E4000376914 /* Debug */ = {
			isa = XCBuildConfiguration;
			buildSettings = {
				ASSETCATALOG_COMPILER_APPICON_NAME = AppIcon;
				ASSETCATALOG_COMPILER_GLOBAL_ACCENT_COLOR_NAME = AccentColor;
				CODE_SIGN_STYLE = Automatic;
				CURRENT_PROJECT_VERSION = 1;
				DEVELOPMENT_ASSET_PATHS = "\"Hijabie App/Preview Content\"";
				DEVELOPMENT_TEAM = H88XQ94JS2;
				ENABLE_PREVIEWS = YES;
				GENERATE_INFOPLIST_FILE = YES;
				INFOPLIST_KEY_NSCameraUsageDescription = "Hijabie asking request";
				INFOPLIST_KEY_UIApplicationSceneManifest_Generation = YES;
				INFOPLIST_KEY_UIApplicationSupportsIndirectInputEvents = YES;
				INFOPLIST_KEY_UILaunchScreen_Generation = YES;
				INFOPLIST_KEY_UISupportedInterfaceOrientations_iPad = "UIInterfaceOrientationPortrait UIInterfaceOrientationPortraitUpsideDown UIInterfaceOrientationLandscapeLeft UIInterfaceOrientationLandscapeRight";
				INFOPLIST_KEY_UISupportedInterfaceOrientations_iPhone = "UIInterfaceOrientationPortrait UIInterfaceOrientationLandscapeLeft UIInterfaceOrientationLandscapeRight";
				LD_RUNPATH_SEARCH_PATHS = (
					"$(inherited)",
					"@executable_path/Frameworks",
				);
				MARKETING_VERSION = 1.0;
				PRODUCT_BUNDLE_IDENTIFIER = "com.Hijabie-App";
				PRODUCT_NAME = "$(TARGET_NAME)";
				SWIFT_EMIT_LOC_STRINGS = YES;
				SWIFT_VERSION = 5.0;
				TARGETED_DEVICE_FAMILY = "1,2";
			};
			name = Debug;
		};
		B464D23F2ADE7E4000376914 /* Release */ = {
			isa = XCBuildConfiguration;
			buildSettings = {
				ASSETCATALOG_COMPILER_APPICON_NAME = AppIcon;
				ASSETCATALOG_COMPILER_GLOBAL_ACCENT_COLOR_NAME = AccentColor;
				CODE_SIGN_STYLE = Automatic;
				CURRENT_PROJECT_VERSION = 1;
				DEVELOPMENT_ASSET_PATHS = "\"Hijabie App/Preview Content\"";
				DEVELOPMENT_TEAM = H88XQ94JS2;
				ENABLE_PREVIEWS = YES;
				GENERATE_INFOPLIST_FILE = YES;
				INFOPLIST_KEY_NSCameraUsageDescription = "Hijabie asking request";
				INFOPLIST_KEY_UIApplicationSceneManifest_Generation = YES;
				INFOPLIST_KEY_UIApplicationSupportsIndirectInputEvents = YES;
				INFOPLIST_KEY_UILaunchScreen_Generation = YES;
				INFOPLIST_KEY_UISupportedInterfaceOrientations_iPad = "UIInterfaceOrientationPortrait UIInterfaceOrientationPortraitUpsideDown UIInterfaceOrientationLandscapeLeft UIInterfaceOrientationLandscapeRight";
				INFOPLIST_KEY_UISupportedInterfaceOrientations_iPhone = "UIInterfaceOrientationPortrait UIInterfaceOrientationLandscapeLeft UIInterfaceOrientationLandscapeRight";
				LD_RUNPATH_SEARCH_PATHS = (
					"$(inherited)",
					"@executable_path/Frameworks",
				);
				MARKETING_VERSION = 1.0;
				PRODUCT_BUNDLE_IDENTIFIER = "com.Hijabie-App";
				PRODUCT_NAME = "$(TARGET_NAME)";
				SWIFT_EMIT_LOC_STRINGS = YES;
				SWIFT_VERSION = 5.0;
				TARGETED_DEVICE_FAMILY = "1,2";
			};
			name = Release;
		};
/* End XCBuildConfiguration section */

/* Begin XCConfigurationList section */
		B464D22A2ADE7E3C00376914 /* Build configuration list for PBXProject "Hijabie App" */ = {
			isa = XCConfigurationList;
			buildConfigurations = (
				B464D23B2ADE7E4000376914 /* Debug */,
				B464D23C2ADE7E4000376914 /* Release */,
			);
			defaultConfigurationIsVisible = 0;
			defaultConfigurationName = Release;
		};
		B464D23D2ADE7E4000376914 /* Build configuration list for PBXNativeTarget "Hijabie App" */ = {
			isa = XCConfigurationList;
			buildConfigurations = (
				B464D23E2ADE7E4000376914 /* Debug */,
				B464D23F2ADE7E4000376914 /* Release */,
			);
			defaultConfigurationIsVisible = 0;
			defaultConfigurationName = Release;
		};
/* End XCConfigurationList section */
	};
	rootObject = B464D2272ADE7E3C00376914 /* Project object */;
}
